lockfileVersion: '9.0'

settings:
  autoInstallPeers: true
  excludeLinksFromLockfile: false

importers:

  .:
    devDependencies:
      typescript:
        specifier: 6.0.3
        version: 6.0.3
      typescript-language-server:
        specifier: 5.3.0
        version: 5.3.0

packages:

  typescript-language-server@5.3.0:
    resolution: {integrity: sha512-5puofxZHgFdAYtfNpmwCAvgtaYgg8wrUnH30m7Ze3QuguId5RNRadKASpOpyDxTyUdAF51FjhTdjntLw/EuWcQ==, tarball: https://registry.npmmirror.com/typescript-language-server/-/typescript-language-server-5.3.0.tgz}
    engines: {node: '>=20'}
    hasBin: true

  typescript@6.0.3:
    resolution: {integrity: sha512-y2TvuxSZPDyQakkFRPZHKFm+KKVqIisdg9/CZwm9ftvKXLP8NRWj38/ODjNbr43SsoXqNuAisEf1GdCxqWcdBw==, tarball: https://registry.npmmirror.com/typescript/-/typescript-6.0.3.tgz}
    engines: {node: '>=14.17'}
    hasBin: true

  vscode-jsonrpc@5.0.1:
    resolution: {integrity: sha512-JvONPptw3GAQGXlVV2utDcHx0BiY34FupW/kI6mZ5x06ER5DdPG/tXWMVHjTNULF5uKPOUUD0SaXg5QaubJL0A==, tarball: https://registry.npmmirror.com/vscode-jsonrpc/-/vscode-jsonrpc-5.0.1.tgz}
    engines: {node: '>=8.0.0 || >=10.0.0'}

  vscode-jsonrpc@9.0.0:
    resolution: {integrity: sha512-+VvMmQPJhtvJ+8O+zu2JKIRiLxXF8NW7krWgyMGeOHrp4Cn23T5hc0v2LknNeopDOB70wghHAds7mKtcZ0I4Sg==, tarball: https://registry.npmmirror.com/vscode-jsonrpc/-/vscode-jsonrpc-9.0.0.tgz}
    engines: {node: '>=14.0.0'}

  vscode-languageserver-protocol@3.18.1:
    resolution: {integrity: sha512-RTiiVHdpxpYcJVI5sq6S5TLjQ4WDR/rBrIWru+kPXe6sGQ9PFQ3GamrTKLvPqbR4ylr1SoodhmcqbFII0WXVuw==, tarball: https://registry.npmmirror.com/vscode-languageserver-protocol/-/vscode-languageserver-protocol-3.18.1.tgz}

  vscode-languageserver-types@3.18.0:
    resolution: {integrity: sha512-8TsGPNMIMiiBdkORgRSvLjuiEIiAFtO+KssmYWxQ+uSVvlf7RjK8YKCOjPzZ+YA04jXEV7+7LvkSmHkhpNS99g==, tarball: https://registry.npmmirror.com/vscode-languageserver-types/-/vscode-languageserver-types-3.18.0.tgz}

snapshots:

  typescript-language-server@5.3.0:
    dependencies:
      vscode-jsonrpc: 5.0.1
      vscode-languageserver-protocol: 3.18.1

  typescript@6.0.3: {}

  vscode-jsonrpc@5.0.1: {}

  vscode-jsonrpc@9.0.0: {}

  vscode-languageserver-protocol@3.18.1:
    dependencies:
      vscode-jsonrpc: 9.0.0
      vscode-languageserver-types: 3.18.0

  vscode-languageserver-types@3.18.0: {}
